
Microsoft Visual Studio Solution File, Format Version 12.00
# Visual Studio Version 17
VisualStudioVersion = 17.0.31903.59
MinimumVisualStudioVersion = 10.0.40219.1
Project("{9A19103F-16F7-4668-BE54-9A1E7A4F7556}") = "Permissions.API", "Permissions.API\Permissions.API.csproj", "{B910BFE5-7A1D-4630-B2F2-29DFBFF413F5}"
EndProject
Project("{9A19103F-16F7-4668-BE54-9A1E7A4F7556}") = "Permissions.Domain", "Permissions.Data\Permissions.Domain.csproj", "{B6BBFA3A-089B-4199-8D8B-948F48A78CF0}"
EndProject
Project("{9A19103F-16F7-4668-BE54-9A1E7A4F7556}") = "Permissions.Infrastructure", "Permissions.Infrastructure\Permissions.Infrastructure.csproj", "{F80B0760-41AA-47C9-BE1C-6259530FDF8A}"
EndProject
Project("{9A19103F-16F7-4668-BE54-9A1E7A4F7556}") = "Permissions.Tests", "Permissions.Tests\Permissions.Tests.csproj", "{F3543C39-3827-4321-9A1A-D0088E0BCEA0}"
EndProject
Project("{FAE04EC0-301F-11D3-BF4B-00C04F79EFBC}") = "Permissions.Application", "Permissions.Application\Permissions.Application.csproj", "{FD5593D9-F1EE-40D3-9C10-985A33BED909}"
EndProject
Global
	GlobalSection(SolutionConfigurationPlatforms) = preSolution
		Debug|Any CPU = Debug|Any CPU
		Release|Any CPU = Release|Any CPU
	EndGlobalSection
	GlobalSection(ProjectConfigurationPlatforms) = postSolution
		{B910BFE5-7A1D-4630-B2F2-29DFBFF413F5}.Debug|Any CPU.ActiveCfg = Debug|Any CPU
		{B910BFE5-7A1D-4630-B2F2-29DFBFF413F5}.Debug|Any CPU.Build.0 = Debug|Any CPU
		{B910BFE5-7A1D-4630-B2F2-29DFBFF413F5}.Release|Any CPU.ActiveCfg = Release|Any CPU
		{B910BFE5-7A1D-4630-B2F2-29DFBFF413F5}.Release|Any CPU.Build.0 = Release|Any CPU
		{B6BBFA3A-089B-4199-8D8B-948F48A78CF0}.Debug|Any CPU.ActiveCfg = Debug|Any CPU
		{B6BBFA3A-089B-4199-8D8B-948F48A78CF0}.Debug|Any CPU.Build.0 = Debug|Any CPU
		{B6BBFA3A-089B-4199-8D8B-948F48A78CF0}.Release|Any CPU.ActiveCfg = Release|Any CPU
		{B6BBFA3A-089B-4199-8D8B-948F48A78CF0}.Release|Any CPU.Build.0 = Release|Any CPU
		{F80B0760-41AA-47C9-BE1C-6259530FDF8A}.Debug|Any CPU.ActiveCfg = Debug|Any CPU
		{F80B0760-41AA-47C9-BE1C-6259530FDF8A}.Debug|Any CPU.Build.0 = Debug|Any CPU
		{F80B0760-41AA-47C9-BE1C-6259530FDF8A}.Release|Any CPU.ActiveCfg = Release|Any CPU
		{F80B0760-41AA-47C9-BE1C-6259530FDF8A}.Release|Any CPU.Build.0 = Release|Any CPU
		{F3543C39-3827-4321-9A1A-D0088E0BCEA0}.Debug|Any CPU.ActiveCfg = Debug|Any CPU
		{F3543C39-3827-4321-9A1A-D0088E0BCEA0}.Debug|Any CPU.Build.0 = Debug|Any CPU
		{F3543C39-3827-4321-9A1A-D0088E0BCEA0}.Release|Any CPU.ActiveCfg = Release|Any CPU
		{F3543C39-3827-4321-9A1A-D0088E0BCEA0}.Release|Any CPU.Build.0 = Release|Any CPU
		{FD5593D9-F1EE-40D3-9C10-985A33BED909}.Debug|Any CPU.ActiveCfg = Debug|Any CPU
		{FD5593D9-F1EE-40D3-9C10-985A33BED909}.Debug|Any CPU.Build.0 = Debug|Any CPU
		{FD5593D9-F1EE-40D3-9C10-985A33BED909}.Release|Any CPU.ActiveCfg = Release|Any CPU
		{FD5593D9-F1EE-40D3-9C10-985A33BED909}.Release|Any CPU.Build.0 = Release|Any CPU
	EndGlobalSection
	GlobalSection(SolutionProperties) = preSolution
		HideSolutionNode = FALSE
	EndGlobalSection
	GlobalSection(ExtensibilityGlobals) = postSolution
		SolutionGuid = {48BE6A67-C83D-404B-902A-8E6063E0FEDC}
	EndGlobalSection
EndGlobal
